// !$*UTF8*$!
{
	archiveVersion = 1;
	classes = {
	};
	objectVersion = 55;
	objects = {

/* Begin PBXBuildFile section */
		E623E0C728CB6E6E0070FB3E /* AppDelegate.swift in Sources */ = {isa = PBXBuildFile; fileRef = E623E0C628CB6E6E0070FB3E /* AppDelegate.swift */; };
		E623E0C928CB6E6E0070FB3E /* SceneDelegate.swift in Sources */ = {isa = PBXBuildFile; fileRef = E623E0C828CB6E6E0070FB3E /* SceneDelegate.swift */; };
		E623E0CB28CB6E6E0070FB3E /* ViewController.swift in Sources */ = {isa = PBXBuildFile; fileRef = E623E0CA28CB6E6E0070FB3E /* ViewController.swift */; };
		E623E0CE28CB6E6E0070FB3E /* Main.storyboard in Resources */ = {isa = PBXBuildFile; fileRef = E623E0CC28CB6E6E0070FB3E /* Main.storyboard */; };
		E623E0D028CB6E6E0070FB3E /* Assets.xcassets in Resources */ = {isa = PBXBuildFile; fileRef = E623E0CF28CB6E6E0070FB3E /* Assets.xcassets */; };
		E623E0D328CB6E6E0070FB3E /* LaunchScreen.storyboard in Resources */ = {isa = PBXBuildFile; fileRef = E623E0D128CB6E6E0070FB3E /* LaunchScreen.storyboard */; };
		E623E0DE28CB6E6F0070FB3E /* CollectionFunTests.swift in Sources */ = {isa = PBXBuildFile; fileRef = E623E0DD28CB6E6F0070FB3E /* CollectionFunTests.swift */; };
		E623E0E828CB6E6F0070FB3E /* CollectionFunUITests.swift in Sources */ = {isa = PBXBuildFile; fileRef = E623E0E728CB6E6F0070FB3E /* CollectionFunUITests.swift */; };
		E623E0EA28CB6E6F0070FB3E /* CollectionFunUITestsLaunchTests.swift in Sources */ = {isa = PBXBuildFile; fileRef = E623E0E928CB6E6F0070FB3E /* CollectionFunUITestsLaunchTests.swift */; };
/* End PBXBuildFile section */

/* Begin PBXContainerItemProxy section */
		E623E0DA28CB6E6F0070FB3E /* PBXContainerItemProxy */ = {
			isa = PBXContainerItemProxy;
			containerPortal = E623E0BB28CB6E6E0070FB3E /* Project object */;
			proxyType = 1;
			remoteGlobalIDString = E623E0C228CB6E6E0070FB3E;
			remoteInfo = CollectionFun;
		};
		E623E0E428CB6E6F0070FB3E /* PBXContainerItemProxy */ = {
			isa = PBXContainerItemProxy;
			containerPortal = E623E0BB28CB6E6E0070FB3E /* Project object */;
			proxyType = 1;
			remoteGlobalIDString = E623E0C228CB6E6E0070FB3E;
			remoteInfo = CollectionFun;
		};
/* End PBXContainerItemProxy section */

/* Begin PBXFileReference section */
		E623E0C328CB6E6E0070FB3E /* CollectionFun.app */ = {isa = PBXFileReference; explicitFileType = wrapper.application; includeInIndex = 0; path = CollectionFun.app; sourceTree = BUILT_PRODUCTS_DIR; };
		E623E0C628CB6E6E0070FB3E /* AppDelegate.swift */ = {isa = PBXFileReference; lastKnownFileType = sourcecode.swift; path = AppDelegate.swift; sourceTree = "<group>"; };
		E623E0C828CB6E6E0070FB3E /* SceneDelegate.swift */ = {isa = PBXFileReference; lastKnownFileType = sourcecode.swift; path = SceneDelegate.swift; sourceTree = "<group>"; };
		E623E0CA28CB6E6E0070FB3E /* ViewController.swift */ = {isa = PBXFileReference; lastKnownFileType = sourcecode.swift; path = ViewController.swift; sourceTree = "<group>"; };
		E623E0CD28CB6E6E0070FB3E /* Base */ = {isa = PBXFileReference; lastKnownFileType = file.storyboard; name = Base; path = Base.lproj/Main.storyboard; sourceTree = "<group>"; };
		E623E0CF28CB6E6E0070FB3E /* Assets.xcassets */ = {isa = PBXFileReference; lastKnownFileType = folder.assetcatalog; path = Assets.xcassets; sourceTree = "<group>"; };
		E623E0D228CB6E6E0070FB3E /* Base */ = {isa = PBXFileReference; lastKnownFileType = file.storyboard; name = Base; path = Base.lproj/LaunchScreen.storyboard; sourceTree = "<group>"; };
		E623E0D428CB6E6E0070FB3E /* Info.plist */ = {isa = PBXFileReference; lastKnownFileType = text.plist.xml; path = Info.plist; sourceTree = "<group>"; };
		E623E0D928CB6E6F0070FB3E /* CollectionFunTests.xctest */ = {isa = PBXFileReference; explicitFileType = wrapper.cfbundle; includeInIndex = 0; path = CollectionFunTests.xctest; sourceTree = BUILT_PRODUCTS_DIR; };
		E623E0DD28CB6E6F0070FB3E /* CollectionFunTests.swift */ = {isa = PBXFileReference; lastKnownFileType = sourcecode.swift; path = CollectionFunTests.swift; sourceTree = "<group>"; };
		E623E0E328CB6E6F0070FB3E /* CollectionFunUITests.xctest */ = {isa = PBXFileReference; explicitFileType = wrapper.cfbundle; includeInIndex = 0; path = CollectionFunUITests.xctest; sourceTree = BUILT_PRODUCTS_DIR; };
		E623E0E728CB6E6F0070FB3E /* CollectionFunUITests.swift */ = {isa = PBXFileReference; lastKnownFileType = sourcecode.swift; path = CollectionFunUITests.swift; sourceTree = "<group>"; };
		E623E0E928CB6E6F0070FB3E /* CollectionFunUITestsLaunchTests.swift */ = {isa = PBXFileReference; lastKnownFileType = sourcecode.swift; path = CollectionFunUITestsLaunchTests.swift; sourceTree = "<group>"; };
/* End PBXFileReference section */

/* Begin PBXFrameworksBuildPhase section */
		E623E0C028CB6E6E0070FB3E /* Frameworks */ = {
			isa = PBXFrameworksBuildPhase;
			buildActionMask = 2147483647;
			files = (
			);
			runOnlyForDeploymentPostprocessing = 0;
		};
		E623E0D628CB6E6F0070FB3E /* Frameworks */ = {
			isa = PBXFrameworksBuildPhase;
			buildActionMask = 2147483647;
			files = (
			);
			runOnlyForDeploymentPostprocessing = 0;
		};
		E623E0E028CB6E6F0070FB3E /* Frameworks */ = {
			isa = PBXFrameworksBuildPhase;
			buildActionMask = 2147483647;
			files = (
			);
			runOnlyForDeploymentPostprocessing = 0;
		};
/* End PBXFrameworksBuildPhase section */

/* Begin PBXGroup section */
		E623E0BA28CB6E6E0070FB3E = {
			isa = PBXGroup;
			children = (
				E623E0C528CB6E6E0070FB3E /* CollectionFun */,
				E623E0DC28CB6E6F0070FB3E /* CollectionFunTests */,
				E623E0E628CB6E6F0070FB3E /* CollectionFunUITests */,
				E623E0C428CB6E6E0070FB3E /* Products */,
			);
			sourceTree = "<group>";
		};
		E623E0C428CB6E6E0070FB3E /* Products */ = {
			isa = PBXGroup;
			children = (
				E623E0C328CB6E6E0070FB3E /* CollectionFun.app */,
				E623E0D928CB6E6F0070FB3E /* CollectionFunTests.xctest */,
				E623E0E328CB6E6F0070FB3E /* CollectionFunUITests.xctest */,
			);
			name = Products;
			sourceTree = "<group>";
		};
		E623E0C528CB6E6E0070FB3E /* CollectionFun */ = {
			isa = PBXGroup;
			children = (
				E623E0C628CB6E6E0070FB3E /* AppDelegate.swift */,
				E623E0C828CB6E6E0070FB3E /* SceneDelegate.swift */,
				E623E0CA28CB6E6E0070FB3E /* ViewController.swift */,
				E623E0CC28CB6E6E0070FB3E /* Main.storyboard */,
				E623E0CF28CB6E6E0070FB3E /* Assets.xcassets */,
				E623E0D128CB6E6E0070FB3E /* LaunchScreen.storyboard */,
				E623E0D428CB6E6E0070FB3E /* Info.plist */,
			);
			path = CollectionFun;
			sourceTree = "<group>";
		};
		E623E0DC28CB6E6F0070FB3E /* CollectionFunTests */ = {
			isa = PBXGroup;
			children = (
				E623E0DD28CB6E6F0070FB3E /* CollectionFunTests.swift */,
			);
			path = CollectionFunTests;
			sourceTree = "<group>";
		};
		E623E0E628CB6E6F0070FB3E /* CollectionFunUITests */ = {
			isa = PBXGroup;
			children = (
				E623E0E728CB6E6F0070FB3E /* CollectionFunUITests.swift */,
				E623E0E928CB6E6F0070FB3E /* CollectionFunUITestsLaunchTests.swift */,
			);
			path = CollectionFunUITests;
			sourceTree = "<group>";
		};
/* End PBXGroup section */

/* Begin PBXNativeTarget section */
		E623E0C228CB6E6E0070FB3E /* CollectionFun */ = {
			isa = PBXNativeTarget;
			buildConfigurationList = E623E0ED28CB6E6F0070FB3E /* Build configuration list for PBXNativeTarget "CollectionFun" */;
			buildPhases = (
				E623E0BF28CB6E6E0070FB3E /* Sources */,
				E623E0C028CB6E6E0070FB3E /* Frameworks */,
				E623E0C128CB6E6E0070FB3E /* Resources */,
			);
			buildRules = (
			);
			dependencies = (
			);
			name = CollectionFun;
			productName = CollectionFun;
			productReference = E623E0C328CB6E6E0070FB3E /* CollectionFun.app */;
			productType = "com.apple.product-type.application";
		};
		E623E0D828CB6E6F0070FB3E /* CollectionFunTests */ = {
			isa = PBXNativeTarget;
			buildConfigurationList = E623E0F028CB6E6F0070FB3E /* Build configuration list for PBXNativeTarget "CollectionFunTests" */;
			buildPhases = (
				E623E0D528CB6E6F0070FB3E /* Sources */,
				E623E0D628CB6E6F0070FB3E /* Frameworks */,
				E623E0D728CB6E6F0070FB3E /* Resources */,
			);
			buildRules = (
			);
			dependencies = (
				E623E0DB28CB6E6F0070FB3E /* PBXTargetDependency */,
			);
			name = CollectionFunTests;
			productName = CollectionFunTests;
			productReference = E623E0D928CB6E6F0070FB3E /* CollectionFunTests.xctest */;
			productType = "com.apple.product-type.bundle.unit-test";
		};
		E623E0E228CB6E6F0070FB3E /* CollectionFunUITests */ = {
			isa = PBXNativeTarget;
			buildConfigurationList = E623E0F328CB6E6F0070FB3E /* Build configuration list for PBXNativeTarget "CollectionFunUITests" */;
			buildPhases = (
				E623E0DF28CB6E6F0070FB3E /* Sources */,
				E623E0E028CB6E6F0070FB3E /* Frameworks */,
				E623E0E128CB6E6F0070FB3E /* Resources */,
			);
			buildRules = (
			);
			dependencies = (
				E623E0E528CB6E6F0070FB3E /* PBXTargetDependency */,
			);
			name = CollectionFunUITests;
			productName = CollectionFunUITests;
			productReference = E623E0E328CB6E6F0070FB3E /* CollectionFunUITests.xctest */;
			productType = "com.apple.product-type.bundle.ui-testing";
		};
/* End PBXNativeTarget section */

/* Begin PBXProject section */
		E623E0BB28CB6E6E0070FB3E /* Project object */ = {
			isa = PBXProject;
			attributes = {
				BuildIndependentTargetsInParallel = 1;
				LastSwiftUpdateCheck = 1340;
				LastUpgradeCheck = 1340;
				TargetAttributes = {
					E623E0C228CB6E6E0070FB3E = {
						CreatedOnToolsVersion = 13.4.1;
					};
					E623E0D828CB6E6F0070FB3E = {
						CreatedOnToolsVersion = 13.4.1;
						TestTargetID = E623E0C228CB6E6E0070FB3E;
					};
					E623E0E228CB6E6F0070FB3E = {
						CreatedOnToolsVersion = 13.4.1;
						TestTargetID = E623E0C228CB6E6E0070FB3E;
					};
				};
			};
			buildConfigurationList = E623E0BE28CB6E6E0070FB3E /* Build configuration list for PBXProject "CollectionFun" */;
			compatibilityVersion = "Xcode 13.0";
			developmentRegion = en;
			hasScannedForEncodings = 0;
			knownRegions = (
				en,
				Base,
			);
			mainGroup = E623E0BA28CB6E6E0070FB3E;
			productRefGroup = E623E0C428CB6E6E0070FB3E /* Products */;
			projectDirPath = "";
			projectRoot = "";
			targets = (
				E623E0C228CB6E6E0070FB3E /* CollectionFun */,
				E623E0D828CB6E6F0070FB3E /* CollectionFunTests */,
				E623E0E228CB6E6F0070FB3E /* CollectionFunUITests */,
			);
		};
/* End PBXProject section */

/* Begin PBXResourcesBuildPhase section */
		E623E0C128CB6E6E0070FB3E /* Resources */ = {
			isa = PBXResourcesBuildPhase;
			buildActionMask = 2147483647;
			files = (
				E623E0D328CB6E6E0070FB3E /* LaunchScreen.storyboard in Resources */,
				E623E0D028CB6E6E0070FB3E /* Assets.xcassets in Resources */,
				E623E0CE28CB6E6E0070FB3E /* Main.storyboard in Resources */,
			);
			runOnlyForDeploymentPostprocessing = 0;
		};
		E623E0D728CB6E6F0070FB3E /* Resources */ = {
			isa = PBXResourcesBuildPhase;
			buildActionMask = 2147483647;
			files = (
			);
			runOnlyForDeploymentPostprocessing = 0;
		};
		E623E0E128CB6E6F0070FB3E /* Resources */ = {
			isa = PBXResourcesBuildPhase;
			buildActionMask = 2147483647;
			files = (
			);
			runOnlyForDeploymentPostprocessing = 0;
		};
/* End PBXResourcesBuildPhase section */

/* Begin PBXSourcesBuildPhase section */
		E623E0BF28CB6E6E0070FB3E /* Sources */ = {
			isa = PBXSourcesBuildPhase;
			buildActionMask = 2147483647;
			files = (
				E623E0CB28CB6E6E0070FB3E /* ViewController.swift in Sources */,
				E623E0C728CB6E6E0070FB3E /* AppDelegate.swift in Sources */,
				E623E0C928CB6E6E0070FB3E /* SceneDelegate.swift in Sources */,
			);
			runOnlyForDeploymentPostprocessing = 0;
		};
		E623E0D528CB6E6F0070FB3E /* Sources */ = {
			isa = PBXSourcesBuildPhase;
			buildActionMask = 2147483647;
			files = (
				E623E0DE28CB6E6F0070FB3E /* CollectionFunTests.swift in Sources */,
			);
			runOnlyForDeploymentPostprocessing = 0;
		};
		E623E0DF28CB6E6F0070FB3E /* Sources */ = {
			isa = PBXSourcesBuildPhase;
			buildActionMask = 2147483647;
			files = (
				E623E0EA28CB6E6F0070FB3E /* CollectionFunUITestsLaunchTests.swift in Sources */,
				E623E0E828CB6E6F0070FB3E /* CollectionFunUITests.swift in Sources */,
			);
			runOnlyForDeploymentPostprocessing = 0;
		};
/* End PBXSourcesBuildPhase section */

/* Begin PBXTargetDependency section */
		E623E0DB28CB6E6F0070FB3E /* PBXTargetDependency */ = {
			isa = PBXTargetDependency;
			target = E623E0C228CB6E6E0070FB3E /* CollectionFun */;
			targetProxy = E623E0DA28CB6E6F0070FB3E /* PBXContainerItemProxy */;
		};
		E623E0E528CB6E6F0070FB3E /* PBXTargetDependency */ = {
			isa = PBXTargetDependency;
			target = E623E0C228CB6E6E0070FB3E /* CollectionFun */;
			targetProxy = E623E0E428CB6E6F0070FB3E /* PBXContainerItemProxy */;
		};
/* End PBXTargetDependency section */

/* Begin PBXVariantGroup section */
		E623E0CC28CB6E6E0070FB3E /* Main.storyboard */ = {
			isa = PBXVariantGroup;
			children = (
				E623E0CD28CB6E6E0070FB3E /* Base */,
			);
			name = Main.storyboard;
			sourceTree = "<group>";
		};
		E623E0D128CB6E6E0070FB3E /* LaunchScreen.storyboard */ = {
			isa = PBXVariantGroup;
			children = (
				E623E0D228CB6E6E0070FB3E /* Base */,
			);
			name = LaunchScreen.storyboard;
			sourceTree = "<group>";
		};
/* End PBXVariantGroup section */

/* Begin XCBuildConfiguration section */
		E623E0EB28CB6E6F0070FB3E /* Debug */ = {
			isa = XCBuildConfiguration;
			buildSettings = {
				ALWAYS_SEARCH_USER_PATHS = NO;
				CLANG_ANALYZER_NONNULL = YES;
				CLANG_ANALYZER_NUMBER_OBJECT_CONVERSION = YES_AGGRESSIVE;
				CLANG_CXX_LANGUAGE_STANDARD = "gnu++17";
				CLANG_ENABLE_MODULES = YES;
				CLANG_ENABLE_OBJC_ARC = YES;
				CLANG_ENABLE_OBJC_WEAK = YES;
				CLANG_WARN_BLOCK_CAPTURE_AUTORELEASING = YES;
				CLANG_WARN_BOOL_CONVERSION = YES;
				CLANG_WARN_COMMA = YES;
				CLANG_WARN_CONSTANT_CONVERSION = YES;
				CLANG_WARN_DEPRECATED_OBJC_IMPLEMENTATIONS = YES;
				CLANG_WARN_DIRECT_OBJC_ISA_USAGE = YES_ERROR;
				CLANG_WARN_DOCUMENTATION_COMMENTS = YES;
				CLANG_WARN_EMPTY_BODY = YES;
				CLANG_WARN_ENUM_CONVERSION = YES;
				CLANG_WARN_INFINITE_RECURSION = YES;
				CLANG_WARN_INT_CONVERSION = YES;
				CLANG_WARN_NON_LITERAL_NULL_CONVERSION = YES;
				CLANG_WARN_OBJC_IMPLICIT_RETAIN_SELF = YES;
				CLANG_WARN_OBJC_LITERAL_CONVERSION = YES;
				CLANG_WARN_OBJC_ROOT_CLASS = YES_ERROR;
				CLANG_WARN_QUOTED_INCLUDE_IN_FRAMEWORK_HEADER = YES;
				CLANG_WARN_RANGE_LOOP_ANALYSIS = YES;
				CLANG_WARN_STRICT_PROTOTYPES = YES;
				CLANG_WARN_SUSPICIOUS_MOVE = YES;
				CLANG_WARN_UNGUARDED_AVAILABILITY = YES_AGGRESSIVE;
				CLANG_WARN_UNREACHABLE_CODE = YES;
				CLANG_WARN__DUPLICATE_METHOD_MATCH = YES;
				COPY_PHASE_STRIP = NO;
				DEBUG_INFORMATION_FORMAT = dwarf;
				ENABLE_STRICT_OBJC_MSGSEND = YES;
				ENABLE_TESTABILITY = YES;
				GCC_C_LANGUAGE_STANDARD = gnu11;
				GCC_DYNAMIC_NO_PIC = NO;
				GCC_NO_COMMON_BLOCKS = YES;
				GCC_OPTIMIZATION_LEVEL = 0;
				GCC_PREPROCESSOR_DEFINITIONS = (
					"DEBUG=1",
					"$(inherited)",
				);
				GCC_WARN_64_TO_32_BIT_CONVERSION = YES;
				GCC_WARN_ABOUT_RETURN_TYPE = YES_ERROR;
				GCC_WARN_UNDECLARED_SELECTOR = YES;
				GCC_WARN_UNINITIALIZED_AUTOS = YES_AGGRESSIVE;
				GCC_WARN_UNUSED_FUNCTION = YES;
				GCC_WARN_UNUSED_VARIABLE = YES;
				IPHONEOS_DEPLOYMENT_TARGET = 15.5;
				MTL_ENABLE_DEBUG_INFO = INCLUDE_SOURCE;
				MTL_FAST_MATH = YES;
				ONLY_ACTIVE_ARCH = YES;
				SDKROOT = iphoneos;
				SWIFT_ACTIVE_COMPILATION_CONDITIONS = DEBUG;
				SWIFT_OPTIMIZATION_LEVEL = "-Onone";
			};
			name = Debug;
		};
		E623E0EC28CB6E6F0070FB3E /* Release */ = {
			isa = XCBuildConfiguration;
			buildSettings = {
				ALWAYS_SEARCH_USER_PATHS = NO;
				CLANG_ANALYZER_NONNULL = YES;
				CLANG_ANALYZER_NUMBER_OBJECT_CONVERSION = YES_AGGRESSIVE;
				CLANG_CXX_LANGUAGE_STANDARD = "gnu++17";
				CLANG_ENABLE_MODULES = YES;
				CLANG_ENABLE_OBJC_ARC = YES;
				CLANG_ENABLE_OBJC_WEAK = YES;
				CLANG_WARN_BLOCK_CAPTURE_AUTORELEASING = YES;
				CLANG_WARN_BOOL_CONVERSION = YES;
				CLANG_WARN_COMMA = YES;
				CLANG_WARN_CONSTANT_CONVERSION = YES;
				CLANG_WARN_DEPRECATED_OBJC_IMPLEMENTATIONS = YES;
				CLANG_WARN_DIRECT_OBJC_ISA_USAGE = YES_ERROR;
				CLANG_WARN_DOCUMENTATION_COMMENTS = YES;
				CLANG_WARN_EMPTY_BODY = YES;
				CLANG_WARN_ENUM_CONVERSION = YES;
				CLANG_WARN_INFINITE_RECURSION = YES;
				CLANG_WARN_INT_CONVERSION = YES;
				CLANG_WARN_NON_LITERAL_NULL_CONVERSION = YES;
				CLANG_WARN_OBJC_IMPLICIT_RETAIN_SELF = YES;
				CLANG_WARN_OBJC_LITERAL_CONVERSION = YES;
				CLANG_WARN_OBJC_ROOT_CLASS = YES_ERROR;
				CLANG_WARN_QUOTED_INCLUDE_IN_FRAMEWORK_HEADER = YES;
				CLANG_WARN_RANGE_LOOP_ANALYSIS = YES;
				CLANG_WARN_STRICT_PROTOTYPES = YES;
				CLANG_WARN_SUSPICIOUS_MOVE = YES;
				CLANG_WARN_UNGUARDED_AVAILABILITY = YES_AGGRESSIVE;
				CLANG_WARN_UNREACHABLE_CODE = YES;
				CLANG_WARN__DUPLICATE_METHOD_MATCH = YES;
				COPY_PHASE_STRIP = NO;
				DEBUG_INFORMATION_FORMAT = "dwarf-with-dsym";
				ENABLE_NS_ASSERTIONS = NO;
				ENABLE_STRICT_OBJC_MSGSEND = YES;
				GCC_C_LANGUAGE_STANDARD = gnu11;
				GCC_NO_COMMON_BLOCKS = YES;
				GCC_WARN_64_TO_32_BIT_CONVERSION = YES;
				GCC_WARN_ABOUT_RETURN_TYPE = YES_ERROR;
				GCC_WARN_UNDECLARED_SELECTOR = YES;
				GCC_WARN_UNINITIALIZED_AUTOS = YES_AGGRESSIVE;
				GCC_WARN_UNUSED_FUNCTION = YES;
				GCC_WARN_UNUSED_VARIABLE = YES;
				IPHONEOS_DEPLOYMENT_TARGET = 15.5;
				MTL_ENABLE_DEBUG_INFO = NO;
				MTL_FAST_MATH = YES;
				SDKROOT = iphoneos;
				SWIFT_COMPILATION_MODE = wholemodule;
				SWIFT_OPTIMIZATION_LEVEL = "-O";
				VALIDATE_PRODUCT = YES;
			};
			name = Release;
		};
		E623E0EE28CB6E6F0070FB3E /* Debug */ = {
			isa = XCBuildConfiguration;
			buildSettings = {
				ASSETCATALOG_COMPILER_APPICON_NAME = AppIcon;
				ASSETCATALOG_COMPILER_GLOBAL_ACCENT_COLOR_NAME = AccentColor;
				CODE_SIGN_STYLE = Automatic;
				CURRENT_PROJECT_VERSION = 1;
				DEVELOPMENT_TEAM = GQ669SL42H;
				GENERATE_INFOPLIST_FILE = YES;
				INFOPLIST_FILE = CollectionFun/Info.plist;
				INFOPLIST_KEY_UIApplicationSupportsIndirectInputEvents = YES;
				INFOPLIST_KEY_UILaunchStoryboardName = LaunchScreen;
				INFOPLIST_KEY_UIMainStoryboardFile = Main;
				INFOPLIST_KEY_UISupportedInterfaceOrientations_iPad = "UIInterfaceOrientationPortrait UIInterfaceOrientationPortraitUpsideDown UIInterfaceOrientationLandscapeLeft UIInterfaceOrientationLandscapeRight";
				INFOPLIST_KEY_UISupportedInterfaceOrientations_iPhone = "UIInterfaceOrientationPortrait UIInterfaceOrientationLandscapeLeft UIInterfaceOrientationLandscapeRight";
				LD_RUNPATH_SEARCH_PATHS = (
					"$(inherited)",
					"@executable_path/Frameworks",
				);
				MARKETING_VERSION = 1.0;
				PRODUCT_BUNDLE_IDENTIFIER = CLC.CollectionFun;
				PRODUCT_NAME = "$(TARGET_NAME)";
				SWIFT_EMIT_LOC_STRINGS = YES;
				SWIFT_VERSION = 5.0;
				TARGETED_DEVICE_FAMILY = "1,2";
			};
			name = Debug;
		};
		E623E0EF28CB6E6F0070FB3E /* Release */ = {
			isa = XCBuildConfiguration;
			buildSettings = {
				ASSETCATALOG_COMPILER_APPICON_NAME = AppIcon;
				ASSETCATALOG_COMPILER_GLOBAL_ACCENT_COLOR_NAME = AccentColor;
				CODE_SIGN_STYLE = Automatic;
				CURRENT_PROJECT_VERSION = 1;
				DEVELOPMENT_TEAM = GQ669SL42H;
				GENERATE_INFOPLIST_FILE = YES;
				INFOPLIST_FILE = CollectionFun/Info.plist;
				INFOPLIST_KEY_UIApplicationSupportsIndirectInputEvents = YES;
				INFOPLIST_KEY_UILaunchStoryboardName = LaunchScreen;
				INFOPLIST_KEY_UIMainStoryboardFile = Main;
				INFOPLIST_KEY_UISupportedInterfaceOrientations_iPad = "UIInterfaceOrientationPortrait UIInterfaceOrientationPortraitUpsideDown UIInterfaceOrientationLandscapeLeft UIInterfaceOrientationLandscapeRight";
				INFOPLIST_KEY_UISupportedInterfaceOrientations_iPhone = "UIInterfaceOrientationPortrait UIInterfaceOrientationLandscapeLeft UIInterfaceOrientationLandscapeRight";
				LD_RUNPATH_SEARCH_PATHS = (
					"$(inherited)",
					"@executable_path/Frameworks",
				);
				MARKETING_VERSION = 1.0;
				PRODUCT_BUNDLE_IDENTIFIER = CLC.CollectionFun;
				PRODUCT_NAME = "$(TARGET_NAME)";
				SWIFT_EMIT_LOC_STRINGS = YES;
				SWIFT_VERSION = 5.0;
				TARGETED_DEVICE_FAMILY = "1,2";
			};
			name = Release;
		};
		E623E0F128CB6E6F0070FB3E /* Debug */ = {
			isa = XCBuildConfiguration;
			buildSettings = {
				ALWAYS_EMBED_SWIFT_STANDARD_LIBRARIES = YES;
				BUNDLE_LOADER = "$(TEST_HOST)";
				CODE_SIGN_STYLE = Automatic;
				CURRENT_PROJECT_VERSION = 1;
				DEVELOPMENT_TEAM = GQ669SL42H;
				GENERATE_INFOPLIST_FILE = YES;
				IPHONEOS_DEPLOYMENT_TARGET = 15.5;
				MARKETING_VERSION = 1.0;
				PRODUCT_BUNDLE_IDENTIFIER = CLC.CollectionFunTests;
				PRODUCT_NAME = "$(TARGET_NAME)";
				SWIFT_EMIT_LOC_STRINGS = NO;
				SWIFT_VERSION = 5.0;
				TARGETED_DEVICE_FAMILY = "1,2";
				TEST_HOST = "$(BUILT_PRODUCTS_DIR)/CollectionFun.app/CollectionFun";
			};
			name = Debug;
		};
		E623E0F228CB6E6F0070FB3E /* Release */ = {
			isa = XCBuildConfiguration;
			buildSettings = {
				ALWAYS_EMBED_SWIFT_STANDARD_LIBRARIES = YES;
				BUNDLE_LOADER = "$(TEST_HOST)";
				CODE_SIGN_STYLE = Automatic;
				CURRENT_PROJECT_VERSION = 1;
				DEVELOPMENT_TEAM = GQ669SL42H;
				GENERATE_INFOPLIST_FILE = YES;
				IPHONEOS_DEPLOYMENT_TARGET = 15.5;
				MARKETING_VERSION = 1.0;
				PRODUCT_BUNDLE_IDENTIFIER = CLC.CollectionFunTests;
				PRODUCT_NAME = "$(TARGET_NAME)";
				SWIFT_EMIT_LOC_STRINGS = NO;
				SWIFT_VERSION = 5.0;
				TARGETED_DEVICE_FAMILY = "1,2";
				TEST_HOST = "$(BUILT_PRODUCTS_DIR)/CollectionFun.app/CollectionFun";
			};
			name = Release;
		};
		E623E0F428CB6E6F0070FB3E /* Debug */ = {
			isa = XCBuildConfiguration;
			buildSettings = {
				ALWAYS_EMBED_SWIFT_STANDARD_LIBRARIES = YES;
				CODE_SIGN_STYLE = Automatic;
				CURRENT_PROJECT_VERSION = 1;
				DEVELOPMENT_TEAM = GQ669SL42H;
				GENERATE_INFOPLIST_FILE = YES;
				MARKETING_VERSION = 1.0;
				PRODUCT_BUNDLE_IDENTIFIER = CLC.CollectionFunUITests;
				PRODUCT_NAME = "$(TARGET_NAME)";
				SWIFT_EMIT_LOC_STRINGS = NO;
				SWIFT_VERSION = 5.0;
				TARGETED_DEVICE_FAMILY = "1,2";
				TEST_TARGET_NAME = CollectionFun;
			};
			name = Debug;
		};
		E623E0F528CB6E6F0070FB3E /* Release */ = {
			isa = XCBuildConfiguration;
			buildSettings = {
				ALWAYS_EMBED_SWIFT_STANDARD_LIBRARIES = YES;
				CODE_SIGN_STYLE = Automatic;
				CURRENT_PROJECT_VERSION = 1;
				DEVELOPMENT_TEAM = GQ669SL42H;
				GENERATE_INFOPLIST_FILE = YES;
				MARKETING_VERSION = 1.0;
				PRODUCT_BUNDLE_IDENTIFIER = CLC.CollectionFunUITests;
				PRODUCT_NAME = "$(TARGET_NAME)";
				SWIFT_EMIT_LOC_STRINGS = NO;
				SWIFT_VERSION = 5.0;
				TARGETED_DEVICE_FAMILY = "1,2";
				TEST_TARGET_NAME = CollectionFun;
			};
			name = Release;
		};
/* End XCBuildConfiguration section */

/* Begin XCConfigurationList section */
		E623E0BE28CB6E6E0070FB3E /* Build configuration list for PBXProject "CollectionFun" */ = {
			isa = XCConfigurationList;
			buildConfigurations = (
				E623E0EB28CB6E6F0070FB3E /* Debug */,
				E623E0EC28CB6E6F0070FB3E /* Release */,
			);
			defaultConfigurationIsVisible = 0;
			defaultConfigurationName = Release;
		};
		E623E0ED28CB6E6F0070FB3E /* Build configuration list for PBXNativeTarget "CollectionFun" */ = {
			isa = XCConfigurationList;
			buildConfigurations = (
				E623E0EE28CB6E6F0070FB3E /* Debug */,
				E623E0EF28CB6E6F0070FB3E /* Release */,
			);
			defaultConfigurationIsVisible = 0;
			defaultConfigurationName = Release;
		};
		E623E0F028CB6E6F0070FB3E /* Build configuration list for PBXNativeTarget "CollectionFunTests" */ = {
			isa = XCConfigurationList;
			buildConfigurations = (
				E623E0F128CB6E6F0070FB3E /* Debug */,
				E623E0F228CB6E6F0070FB3E /* Release */,
			);
			defaultConfigurationIsVisible = 0;
			defaultConfigurationName = Release;
		};
		E623E0F328CB6E6F0070FB3E /* Build configuration list for PBXNativeTarget "CollectionFunUITests" */ = {
			isa = XCConfigurationList;
			buildConfigurations = (
				E623E0F428CB6E6F0070FB3E /* Debug */,
				E623E0F528CB6E6F0070FB3E /* Release */,
			);
			defaultConfigurationIsVisible = 0;
			defaultConfigurationName = Release;
		};
/* End XCConfigurationList section */
	};
	rootObject = E623E0BB28CB6E6E0070FB3E /* Project object */;
}
